{"SurveyEntry":{"SurveyID":"SV_egPpG0CfiIZAKPk","SurveyName":"Birch & Bloom replication","SurveyDescription":null,"SurveyOwnerID":"UR_1M2K0qz5WiyEXfE","SurveyBrandID":"stanforduniversity","DivisionID":null,"SurveyLanguage":"EN","SurveyActiveResponseSet":"RS_6Ykvpn8FT4wOYC2","SurveyStatus":"Active","SurveyStartDate":"0000-00-00 00:00:00","SurveyExpirationDate":"0000-00-00 00:00:00","SurveyCreationDate":"2023-10-25 16:39:11","CreatorID":"UR_1M2K0qz5WiyEXfE","LastModified":"2023-12-12 16:54:25","LastAccessed":"0000-00-00 00:00:00","LastActivated":"2023-10-27 15:53:22","Deleted":null},"SurveyElements":[{"SurveyID":"SV_egPpG0CfiIZAKPk","Element":"BL","PrimaryAttribute":"Survey Blocks","SecondaryAttribute":null,"TertiaryAttribute":null,"Payload":{"1":{"Type":"Trash","Description":"Trash \/ Unused Questions","ID":"BL_eu0apQS5chEG3bg","BlockElements":[]},"2":{"Type":"Standard","SubType":"","Description":"Consent","ID":"BL_b8wwE9ulFiLeyZ8","BlockElements":[{"Type":"Question","QuestionID":"QID3"}],"Options":{"BlockLocking":"false","RandomizeQuestions":"false","BlockVisibility":"Collapsed"}},"4":{"Type":"Standard","SubType":"","Description":"Demographics","ID":"BL_eeODUW3eWaINzOS","BlockElements":[{"Type":"Question","QuestionID":"QID4"},{"Type":"Question","QuestionID":"QID5"},{"Type":"Question","QuestionID":"QID6"},{"Type":"Question","QuestionID":"QID30"},{"Type":"Page Break"}],"Options":{"BlockLocking":"false","RandomizeQuestions":"false","BlockVisibility":"Expanded"}},"5":{"Type":"Standard","SubType":"","Description":"cond_know_plausible","ID":"BL_0B9gmQ7qapsOLVY","BlockElements":[{"Type":"Question","QuestionID":"QID9"},{"Type":"Question","QuestionID":"QID25"},{"Type":"Question","QuestionID":"QID32"},{"Type":"Question","QuestionID":"QID27"},{"Type":"Question","QuestionID":"QID28"},{"Type":"Question","QuestionID":"QID29"},{"Type":"Page Break"}],"Options":{"BlockLocking":"false","RandomizeQuestions":"false","BlockVisibility":"Expanded"}},"7":{"Type":"Standard","SubType":"","Description":"cond_ignorance","ID":"BL_3Ldh2Mi0rkPwNcW","BlockElements":[{"Type":"Question","QuestionID":"QID19"},{"Type":"Question","QuestionID":"QID11"},{"Type":"Question","QuestionID":"QID10"},{"Type":"Question","QuestionID":"QID12"},{"Type":"Question","QuestionID":"QID13"},{"Type":"Question","QuestionID":"QID14"},{"Type":"Page Break"}],"Options":{"BlockLocking":"false","RandomizeQuestions":"false","BlockVisibility":"Expanded"}},"12":{"Type":"Standard","SubType":"","Description":"cond_know_implausible","ID":"BL_bKQzGPXcVTIMAd0","BlockElements":[{"Type":"Question","QuestionID":"QID18"},{"Type":"Question","QuestionID":"QID20"},{"Type":"Question","QuestionID":"QID21"},{"Type":"Question","QuestionID":"QID22"},{"Type":"Question","QuestionID":"QID23"},{"Type":"Question","QuestionID":"QID24"},{"Type":"Page Break"}],"Options":{"BlockLocking":"false","RandomizeQuestions":"false","BlockVisibility":"Expanded"}},"13":{"Type":"Standard","SubType":"","Description":"Prolific ID","ID":"BL_1S6OAm3mLUT0wzI","BlockElements":[{"Type":"Question","QuestionID":"QID31"}],"Options":{"BlockLocking":"false","RandomizeQuestions":"false","BlockVisibility":"Collapsed"}},"14":{"Type":"Standard","SubType":"","Description":"Feedback and debriefing","ID":"BL_9o6mYucwlA65b0O","BlockElements":[{"Type":"Question","QuestionID":"QID35"},{"Type":"Page Break"},{"Type":"Question","QuestionID":"QID17"}],"Options":{"BlockLocking":"false","RandomizeQuestions":"false","BlockVisibility":"Expanded"}}}},{"SurveyID":"SV_egPpG0CfiIZAKPk","Element":"FL","PrimaryAttribute":"Survey Flow","SecondaryAttribute":null,"TertiaryAttribute":null,"Payload":{"Type":"Root","FlowID":"FL_1","Flow":[{"Type":"EmbeddedData","FlowID":"FL_14","EmbeddedData":[{"Description":"PROLIFIC_PID","Type":"Recipient","Field":"PROLIFIC_PID","VariableType":"String","DataVisibility":[],"AnalyzeText":false},{"Description":"STUDY_ID","Type":"Recipient","Field":"STUDY_ID","VariableType":"String","DataVisibility":[],"AnalyzeText":false},{"Description":"SESSION_ID","Type":"Recipient","Field":"SESSION_ID","VariableType":"String","DataVisibility":[],"AnalyzeText":false}]},{"Type":"Standard","ID":"BL_b8wwE9ulFiLeyZ8","FlowID":"FL_3","Autofill":[]},{"Type":"Branch","FlowID":"FL_25","Description":"New Branch","BranchLogic":{"0":{"0":{"LogicType":"Question","QuestionID":"QID3","QuestionIsInLoop":"no","ChoiceLocator":"q:\/\/QID3\/SelectableChoice\/2","Operator":"Selected","QuestionIDFromLocator":"QID3","LeftOperand":"q:\/\/QID3\/SelectableChoice\/2","Type":"Expression","Description":"<span class=\"ConjDesc\">If<\/span> <span class=\"QuestionDesc\">By answering the following questions, you are participating in a study being performed by cogniti...<\/span> <span class=\"LeftOpDesc\">I do not agree<\/span> <span class=\"OpDesc\">Is Selected<\/span> "},"Type":"If"},"Type":"BooleanExpression"},"Flow":[{"Type":"EndSurvey","FlowID":"FL_26","EndingType":"Advanced","Options":{"Advanced":"true","SurveyTermination":"DisplayMessage","EOSRedirectURL":"http:\/\/www.qualtrics.com","EOSMessageLibrary":"UR_1M2K0qz5WiyEXfE","EOSMessage":"MS_6E9Ps3U9brvbcns"}}]},{"Type":"Standard","ID":"BL_1S6OAm3mLUT0wzI","FlowID":"FL_29","Autofill":[]},{"Type":"BlockRandomizer","FlowID":"FL_16","SubSet":1,"EvenPresentation":true,"Flow":[{"Type":"Standard","ID":"BL_0B9gmQ7qapsOLVY","FlowID":"FL_6","Autofill":[]},{"Type":"Standard","ID":"BL_bKQzGPXcVTIMAd0","FlowID":"FL_13","Autofill":[]},{"Type":"Standard","ID":"BL_3Ldh2Mi0rkPwNcW","FlowID":"FL_8","Autofill":[]}]},{"Type":"Standard","ID":"BL_eeODUW3eWaINzOS","FlowID":"FL_5","Autofill":[]},{"Type":"Block","ID":"BL_9o6mYucwlA65b0O","FlowID":"FL_31","Autofill":[]},{"Type":"EndSurvey","FlowID":"FL_15","EndingType":"Advanced","Options":{"Advanced":"true","SurveyTermination":"Redirect","EOSRedirectURL":"https:\/\/app.prolific.com\/submissions\/complete?cc=COWNU42B"}}],"Properties":{"Count":31,"RemovedFieldsets":[]}}},{"SurveyID":"SV_egPpG0CfiIZAKPk","Element":"PL","PrimaryAttribute":"Preview Link","SecondaryAttribute":null,"TertiaryAttribute":null,"Payload":{"PreviewType":"Brand","PreviewID":"8a0c275c-94de-4345-bddb-06a093171d80"}},{"SurveyID":"SV_egPpG0CfiIZAKPk","Element":"SO","PrimaryAttribute":"Survey Options","SecondaryAttribute":null,"TertiaryAttribute":null,"Payload":{"BackButton":"false","SaveAndContinue":"true","SurveyProtection":"PublicSurvey","BallotBoxStuffingPrevention":"false","NoIndex":"Yes","SecureResponseFiles":"true","SurveyExpiration":"None","SurveyTermination":"Redirect","Header":"","Footer":"","ProgressBarDisplay":"None","PartialData":"+1 week","ValidationMessage":null,"PreviousButton":"","NextButton":"","SurveyTitle":"Qualtrics Survey | Qualtrics Experience Management","SkinLibrary":"stanforduniversity","SkinType":"templated","Skin":{"brandingId":"5236136929","templateId":"*base","overrides":null},"NewScoring":1,"SurveyMetaDescription":"The most powerful, simple and trusted way to gather experience data. Start your journey to experience management and try a free account today.","EOSMessage":null,"ShowExportTags":"false","CollectGeoLocation":"false","PasswordProtection":"No","AnonymizeResponse":"No","RefererCheck":"No","BallotBoxStuffingPreventionBehavior":null,"BallotBoxStuffingPreventionMessage":null,"BallotBoxStuffingPreventionMessageLibrary":null,"BallotBoxStuffingPreventionURL":null,"RecaptchaV3":"false","ConfirmStart":false,"AutoConfirmStart":false,"RelevantID":"false","RelevantIDLockoutPeriod":"+30 days","UseCustomSurveyLinkCompletedMessage":null,"SurveyLinkCompletedMessage":null,"SurveyLinkCompletedMessageLibrary":null,"ResponseSummary":"No","EOSMessageLibrary":null,"EOSRedirectURL":"https:\/\/app.prolific.com\/submissions\/complete?cc=COWNU42B","EmailThankYou":"false","ThankYouEmailMessageLibrary":null,"ThankYouEmailMessage":null,"ValidateMessage":"false","ValidationMessageLibrary":null,"InactiveSurvey":"DefaultMessage","PartialDeletion":null,"PartialDataCloseAfter":"LastActivity","InactiveMessageLibrary":null,"InactiveMessage":null,"AvailableLanguages":{"EN":[]},"SurveyName":"Birch & Bloom replication","CustomStyles":{"customCSS":"#QID21, #QID22, #QID23, #QID24 {\n  flex-direction: row;\n  justify-content: space-around;\nfloat: left;\nmax-width: 25%;\npadding: 3px;\ntext-align: center;\n}\n\n#QID27, #QID28, #QID29, #QID32 {\n  flex-direction: row;\n  justify-content: space-around;\nfloat: left;\nmax-width: 25%;\npadding: 3px;\ntext-align: center;\n}\n\n#QID10, #QID12, #QID13, #QID14 {\n  flex-direction: row;\n  justify-content: space-around;\nfloat: left;\nmax-width: 25%;\npadding: 3px;\ntext-align: center;\n}\n\n#QID21 > div, #QID22 > div, #QID23 > div, #QID24 > div,\n#QID27 > div, #QID28 > div, #QID29 > div, #QID32 > div,\n#QID10 > div, .#ID12 > div, #QID13 > div, #QID14 > div {\n  flex: 1;\n margin: 0 auto;\n width: auto\n}"},"ProtectSelectionIds":true}},{"SurveyID":"SV_egPpG0CfiIZAKPk","Element":"QGO","PrimaryAttribute":"QGO_QuotaGroupOrder","SecondaryAttribute":null,"TertiaryAttribute":null,"Payload":["QG_QmEHkerV81WTuS3"]},{"SurveyID":"SV_egPpG0CfiIZAKPk","Element":"SCO","PrimaryAttribute":"Scoring","SecondaryAttribute":null,"TertiaryAttribute":null,"Payload":{"ScoringCategories":[],"ScoringCategoryGroups":[],"ScoringSummaryCategory":null,"ScoringSummaryAfterQuestions":0,"ScoringSummaryAfterSurvey":0,"DefaultScoringCategory":null,"AutoScoringCategory":null}},{"SurveyID":"SV_egPpG0CfiIZAKPk","Element":"PROJ","PrimaryAttribute":"CORE","SecondaryAttribute":null,"TertiaryAttribute":"1.1.0","Payload":{"ProjectCategory":"CORE","SchemaVersion":"1.1.0"}},{"SurveyID":"SV_egPpG0CfiIZAKPk","Element":"STAT","PrimaryAttribute":"Survey Statistics","SecondaryAttribute":null,"TertiaryAttribute":null,"Payload":{"MobileCompatible":true,"ID":"Survey Statistics"}},{"SurveyID":"SV_egPpG0CfiIZAKPk","Element":"QC","PrimaryAttribute":"Survey Question Count","SecondaryAttribute":"36","TertiaryAttribute":null,"Payload":null},{"SurveyID":"SV_egPpG0CfiIZAKPk","Element":"SQ","PrimaryAttribute":"QID30","SecondaryAttribute":"Are you color blind?","TertiaryAttribute":null,"Payload":{"QuestionText":"Are you color blind?<br>","DataExportTag":"colorblindness","QuestionType":"MC","Selector":"SAVR","SubSelector":"TX","Configuration":{"QuestionDescriptionOption":"UseText"},"QuestionDescription":"Are you color blind?","Choices":{"1":{"Display":"Yes"},"2":{"Display":"No"}},"ChoiceOrder":["1","2"],"Validation":{"Settings":{"ForceResponse":"RequestResponse","ForceResponseType":"RequestResponse","Type":"None"}},"Language":[],"NextChoiceId":4,"NextAnswerId":1,"QuestionID":"QID30","DataVisibility":{"Private":false,"Hidden":false}}},{"SurveyID":"SV_egPpG0CfiIZAKPk","Element":"SQ","PrimaryAttribute":"QID14","SecondaryAttribute":"Blue:","TertiaryAttribute":null,"Payload":{"QuestionText":"Blue:","DefaultChoices":false,"DataExportTag":"blue_ignorance","QuestionType":"TE","Selector":"SL","DataVisibility":{"Private":false,"Hidden":false},"Configuration":{"QuestionDescriptionOption":"UseText"},"QuestionDescription":"Blue:","Validation":{"Settings":{"ForceResponse":"ON","ForceResponseType":"ON","Type":"ContentType","MinChars":"1","ContentType":"ValidNumber","ValidDateType":"DateWithFormat","ValidPhoneType":"ValidUSPhone","ValidZipType":"ValidUSZip","ValidNumber":{"Min":"0","Max":"100","NumDecimals":""}}},"GradingData":[],"Language":[],"NextChoiceId":4,"NextAnswerId":1,"SearchSource":{"AllowFreeResponse":"false"},"QuestionID":"QID14","QuestionJS":false}},{"SurveyID":"SV_egPpG0CfiIZAKPk","Element":"SQ","PrimaryAttribute":"QID24","SecondaryAttribute":"Blue:","TertiaryAttribute":null,"Payload":{"QuestionText":"Blue:<br>","DefaultChoices":false,"QuestionType":"TE","Selector":"SL","DataVisibility":{"Private":false,"Hidden":false},"Configuration":{"QuestionDescriptionOption":"UseText"},"QuestionDescription":"Blue:","Validation":{"Settings":{"ForceResponse":"ON","ForceResponseType":"ON","Type":"ContentType","MinChars":"1","ContentType":"ValidNumber","ValidDateType":"DateWithFormat","ValidPhoneType":"ValidUSPhone","ValidZipType":"ValidUSZip","ValidNumber":{"Min":"0","Max":"100","NumDecimals":""}}},"GradingData":[],"Language":[],"NextChoiceId":4,"NextAnswerId":1,"SearchSource":{"AllowFreeResponse":"false"},"QuestionText_Unsafe":"Blue container (percent)","DataExportTag":"blue_knowimplausible","QuestionID":"QID24","QuestionJS":false}},{"SurveyID":"SV_egPpG0CfiIZAKPk","Element":"SQ","PrimaryAttribute":"QID29","SecondaryAttribute":"Blue:","TertiaryAttribute":null,"Payload":{"QuestionText":"Blue:","DefaultChoices":false,"QuestionType":"TE","Selector":"SL","DataVisibility":{"Private":false,"Hidden":false},"Configuration":{"QuestionDescriptionOption":"UseText"},"QuestionDescription":"Blue:","Validation":{"Settings":{"ForceResponse":"ON","ForceResponseType":"ON","Type":"ContentType","MinChars":"1","ContentType":"ValidNumber","ValidDateType":"DateWithFormat","ValidPhoneType":"ValidUSPhone","ValidZipType":"ValidUSZip","ValidNumber":{"Min":"0","Max":"100","NumDecimals":""}}},"GradingData":[],"Language":[],"NextChoiceId":4,"NextAnswerId":1,"SearchSource":{"AllowFreeResponse":"false"},"QuestionText_Unsafe":"Blue container (percent)","DataExportTag":"blue_knowplausible","QuestionID":"QID29","QuestionJS":"Qualtrics.SurveyEngine.addOnload(function() {\n    \/\/ This function runs when the page loads\n});\n\nQualtrics.SurveyEngine.addOnReady(function() {\n    \/\/ This function runs when the page is fully displayed\n\n});\n\nQualtrics.SurveyEngine.addOnUnload(function() {\n    \/\/ This function runs when the page is unloaded\n});"}},{"SurveyID":"SV_egPpG0CfiIZAKPk","Element":"SQ","PrimaryAttribute":"QID3","SecondaryAttribute":"By answering the following questions, you are participating in a study being performed by cogniti...","TertiaryAttribute":null,"Payload":{"QuestionText":"By answering the following questions, you are participating in a study being performed by cognitive scientists in the Stanford Department of Psychology. If you have questions about this research, please contact us at stanfordpsych251@gmail.com. You must be at least 18 years old to participate. Your participation in this research is voluntary. You may decline to answer any or all of the following questions. You may decline further participation, at any time, without adverse consequences. Your anonymity is assured; the researchers who have requested your participation will not receive any personal information about you.","DefaultChoices":false,"DataExportTag":"consent_form","QuestionType":"MC","Selector":"SAVR","SubSelector":"TX","Configuration":{"QuestionDescriptionOption":"UseText"},"QuestionDescription":"By answering the following questions, you are participating in a study being performed by cogniti...","Choices":{"1":{"Display":"I agree"},"2":{"Display":"I do not agree"}},"ChoiceOrder":[1,2],"Validation":{"Settings":{"ForceResponse":"ON","ForceResponseType":"ON","Type":"None"}},"GradingData":[],"Language":[],"NextChoiceId":3,"NextAnswerId":1,"QuestionID":"QID3","DataVisibility":{"Private":false,"Hidden":false}}},{"SurveyID":"SV_egPpG0CfiIZAKPk","Element":"QG","PrimaryAttribute":"QG_QmEHkerV81WTuS3","SecondaryAttribute":"Default Quota Group","TertiaryAttribute":null,"Payload":{"ID":"QG_QmEHkerV81WTuS3","Name":"Default Quota Group","Selected":true,"MultipleMatch":"PlaceInAll","Public":false,"Quotas":[]}},{"SurveyID":"SV_egPpG0CfiIZAKPk","Element":"RS","PrimaryAttribute":"RS_6Ykvpn8FT4wOYC2","SecondaryAttribute":"Default Response Set","TertiaryAttribute":null,"Payload":null},{"SurveyID":"SV_egPpG0CfiIZAKPk","Element":"SQ","PrimaryAttribute":"QID12","SecondaryAttribute":"Green:","TertiaryAttribute":null,"Payload":{"QuestionText":"Green:","DefaultChoices":false,"DataExportTag":"green_ignorance","QuestionType":"TE","Selector":"SL","DataVisibility":{"Private":false,"Hidden":false},"Configuration":{"QuestionDescriptionOption":"UseText"},"QuestionDescription":"Green:","Validation":{"Settings":{"ForceResponse":"ON","ForceResponseType":"ON","Type":"ContentType","MinChars":"1","TotalChars":"1","ContentType":"ValidNumber","ValidDateType":"DateWithFormat","ValidPhoneType":"ValidUSPhone","ValidZipType":"ValidUSZip","ValidNumber":{"Min":"0","Max":"100","NumDecimals":""}}},"GradingData":[],"Language":[],"NextChoiceId":4,"NextAnswerId":1,"SearchSource":{"AllowFreeResponse":"false"},"QuestionID":"QID12","QuestionJS":false}},{"SurveyID":"SV_egPpG0CfiIZAKPk","Element":"SQ","PrimaryAttribute":"QID22","SecondaryAttribute":"Green:","TertiaryAttribute":null,"Payload":{"QuestionText":"Green:","DefaultChoices":false,"QuestionType":"TE","Selector":"SL","DataVisibility":{"Private":false,"Hidden":false},"Configuration":{"QuestionDescriptionOption":"UseText"},"QuestionDescription":"Green:","Validation":{"Settings":{"ForceResponse":"ON","ForceResponseType":"ON","Type":"ContentType","MinChars":"1","ContentType":"ValidNumber","ValidDateType":"DateWithFormat","ValidPhoneType":"ValidUSPhone","ValidZipType":"ValidUSZip","ValidNumber":{"Min":"0","Max":"100","NumDecimals":""}}},"GradingData":[],"Language":[],"NextChoiceId":4,"NextAnswerId":1,"SearchSource":{"AllowFreeResponse":"false"},"QuestionText_Unsafe":"Green container (percent)","DataExportTag":"green_prob","QuestionID":"QID22","QuestionJS":false}},{"SurveyID":"SV_egPpG0CfiIZAKPk","Element":"SQ","PrimaryAttribute":"QID27","SecondaryAttribute":"Green:","TertiaryAttribute":null,"Payload":{"QuestionText":"Green:<br>","DefaultChoices":false,"QuestionType":"TE","Selector":"SL","DataVisibility":{"Private":false,"Hidden":false},"Configuration":{"QuestionDescriptionOption":"UseText"},"QuestionDescription":"Green:","Validation":{"Settings":{"ForceResponse":"ON","ForceResponseType":"ON","Type":"ContentType","MinChars":"1","ContentType":"ValidNumber","ValidDateType":"DateWithFormat","ValidPhoneType":"ValidUSPhone","ValidZipType":"ValidUSZip","ValidNumber":{"Min":"0","Max":"100","NumDecimals":""}}},"GradingData":[],"Language":[],"NextChoiceId":4,"NextAnswerId":1,"SearchSource":{"AllowFreeResponse":"false"},"QuestionText_Unsafe":"Green container (percent)","DataExportTag":"green_knowplausible","QuestionID":"QID27","QuestionJS":"Qualtrics.SurveyEngine.addOnload(function() {\n    \/\/ This function runs when the page loads\n});\n\nQualtrics.SurveyEngine.addOnReady(function() {\n    \/\/ This function runs when the page is fully displayed\n\n});\n\nQualtrics.SurveyEngine.addOnUnload(function() {\n    \/\/ This function runs when the page is unloaded\n});"}},{"SurveyID":"SV_egPpG0CfiIZAKPk","Element":"SQ","PrimaryAttribute":"QID5","SecondaryAttribute":"Have you completed high school?","TertiaryAttribute":null,"Payload":{"QuestionText":"Have you completed high school?<br>","DefaultChoices":false,"DataExportTag":"high_school","QuestionType":"MC","Selector":"SAVR","SubSelector":"TX","Configuration":{"QuestionDescriptionOption":"UseText"},"QuestionDescription":"Have you completed high school?","Choices":{"1":{"Display":"Yes"},"2":{"Display":"No"}},"ChoiceOrder":[1,2],"Validation":{"Settings":{"ForceResponse":"RequestResponse","ForceResponseType":"RequestResponse","Type":"None"}},"GradingData":[],"Language":[],"NextChoiceId":3,"NextAnswerId":1,"QuestionID":"QID5","DataVisibility":{"Private":false,"Hidden":false}}},{"SurveyID":"SV_egPpG0CfiIZAKPk","Element":"SQ","PrimaryAttribute":"QID13","SecondaryAttribute":"Purple:","TertiaryAttribute":null,"Payload":{"QuestionText":"Purple:","DefaultChoices":false,"DataExportTag":"purple_ignorance","QuestionType":"TE","Selector":"SL","DataVisibility":{"Private":false,"Hidden":false},"Configuration":{"QuestionDescriptionOption":"UseText"},"QuestionDescription":"Purple:","Validation":{"Settings":{"ForceResponse":"ON","ForceResponseType":"ON","Type":"ContentType","MinChars":"1","ContentType":"ValidNumber","ValidDateType":"DateWithFormat","ValidPhoneType":"ValidUSPhone","ValidZipType":"ValidUSZip","ValidNumber":{"Min":"0","Max":"100","NumDecimals":""}}},"GradingData":[],"Language":[],"NextChoiceId":4,"NextAnswerId":1,"SearchSource":{"AllowFreeResponse":"false"},"QuestionID":"QID13","QuestionJS":false}},{"SurveyID":"SV_egPpG0CfiIZAKPk","Element":"SQ","PrimaryAttribute":"QID23","SecondaryAttribute":"Purple:","TertiaryAttribute":null,"Payload":{"QuestionText":"Purple:<br>","DefaultChoices":false,"QuestionType":"TE","Selector":"SL","DataVisibility":{"Private":false,"Hidden":false},"Configuration":{"QuestionDescriptionOption":"UseText"},"QuestionDescription":"Purple:","Validation":{"Settings":{"ForceResponse":"ON","ForceResponseType":"ON","Type":"ContentType","MinChars":"1","ContentType":"ValidNumber","ValidDateType":"DateWithFormat","ValidPhoneType":"ValidUSPhone","ValidZipType":"ValidUSZip","ValidNumber":{"Min":"0","Max":"100","NumDecimals":""}}},"GradingData":[],"Language":[],"NextChoiceId":4,"NextAnswerId":1,"SearchSource":{"AllowFreeResponse":"false"},"QuestionText_Unsafe":"Purple container (percent)","DataExportTag":"purple_prob","QuestionID":"QID23","QuestionJS":false}},{"SurveyID":"SV_egPpG0CfiIZAKPk","Element":"SQ","PrimaryAttribute":"QID28","SecondaryAttribute":"Purple:","TertiaryAttribute":null,"Payload":{"QuestionText":"Purple:<br>","DefaultChoices":false,"QuestionType":"TE","Selector":"SL","DataVisibility":{"Private":false,"Hidden":false},"Configuration":{"QuestionDescriptionOption":"UseText"},"QuestionDescription":"Purple:","Validation":{"Settings":{"ForceResponse":"ON","ForceResponseType":"ON","Type":"ContentType","MinChars":"1","ContentType":"ValidNumber","ValidDateType":"DateWithFormat","ValidPhoneType":"ValidUSPhone","ValidZipType":"ValidUSZip","ValidNumber":{"Min":"0","Max":"100","NumDecimals":""}}},"GradingData":[],"Language":[],"NextChoiceId":4,"NextAnswerId":1,"SearchSource":{"AllowFreeResponse":"false"},"QuestionText_Unsafe":"Purple container (percent)","DataExportTag":"purple_knowplausible","QuestionID":"QID28","QuestionJS":"Qualtrics.SurveyEngine.addOnload(function() {\n    \/\/ This function runs when the page loads\n});\n\nQualtrics.SurveyEngine.addOnReady(function() {\n    \/\/ This function runs when the page is fully displayed\n\n});\n\nQualtrics.SurveyEngine.addOnUnload(function() {\n    \/\/ This function runs when the page is unloaded\n});"}},{"SurveyID":"SV_egPpG0CfiIZAKPk","Element":"SQ","PrimaryAttribute":"QID10","SecondaryAttribute":"Red:","TertiaryAttribute":null,"Payload":{"QuestionText":"Red:","DefaultChoices":false,"DataExportTag":"red_ignorance","QuestionType":"TE","Selector":"SL","Configuration":{"QuestionDescriptionOption":"UseText"},"QuestionDescription":"Red:","Validation":{"Settings":{"ForceResponse":"ON","ForceResponseType":"ON","Type":"ContentType","MinChars":"1","ContentType":"ValidNumber","ValidDateType":"DateWithFormat","ValidPhoneType":"ValidUSPhone","ValidZipType":"ValidUSZip","ValidNumber":{"Min":"0","Max":"100","NumDecimals":""}}},"GradingData":[],"Language":[],"NextChoiceId":4,"NextAnswerId":1,"SearchSource":{"AllowFreeResponse":"false"},"QuestionID":"QID10","DataVisibility":{"Private":false,"Hidden":false},"QuestionJS":"Qualtrics.SurveyEngine.addOnload(function()\n{\n\t\/*Place your JavaScript here to run when the page loads*\/\n\tjQuery('input[type=\"text\"]').after(\"%\") \/\/this will place % after the text entry box\n\n});\n\nQualtrics.SurveyEngine.addOnReady(function()\n{\n\t\/*Place your JavaScript here to run when the page is fully displayed*\/\n\n});\n\nQualtrics.SurveyEngine.addOnUnload(function()\n{\n\t\/*Place your JavaScript here to run when the page is unloaded*\/\n\n});"}},{"SurveyID":"SV_egPpG0CfiIZAKPk","Element":"SQ","PrimaryAttribute":"QID21","SecondaryAttribute":"Red:","TertiaryAttribute":null,"Payload":{"QuestionText":"Red:","DefaultChoices":false,"QuestionType":"TE","Selector":"SL","Configuration":{"QuestionDescriptionOption":"UseText"},"QuestionDescription":"Red:","Validation":{"Settings":{"ForceResponse":"ON","ForceResponseType":"ON","Type":"ContentType","MinChars":"1","ContentType":"ValidNumber","ValidDateType":"DateWithFormat","ValidPhoneType":"ValidUSPhone","ValidZipType":"ValidUSZip","ValidNumber":{"Min":"0","Max":"100","NumDecimals":""}}},"GradingData":[],"Language":[],"NextChoiceId":4,"NextAnswerId":1,"SearchSource":{"AllowFreeResponse":"false"},"QuestionText_Unsafe":"Red container (percent)","DataExportTag":"red_knowimplausible","QuestionID":"QID21","DataVisibility":{"Private":false,"Hidden":false},"QuestionJS":"Qualtrics.SurveyEngine.addOnload(function()\n{\n\t\/*Place your JavaScript here to run when the page loads*\/\n\t\tjQuery('input[type=\"text\"]').after(\"%\") \/\/this will place % after the text entry box\n\n});\n\nQualtrics.SurveyEngine.addOnReady(function()\n{\n\t\/*Place your JavaScript here to run when the page is fully displayed*\/\n\n});\n\nQualtrics.SurveyEngine.addOnUnload(function()\n{\n\t\/*Place your JavaScript here to run when the page is unloaded*\/\n\n});"}},{"SurveyID":"SV_egPpG0CfiIZAKPk","Element":"SQ","PrimaryAttribute":"QID32","SecondaryAttribute":"Red:","TertiaryAttribute":null,"Payload":{"QuestionText":"Red:","DefaultChoices":false,"DataExportTag":"red_knowplausible","QuestionType":"TE","Selector":"SL","DataVisibility":{"Private":false,"Hidden":false},"Configuration":{"QuestionDescriptionOption":"UseText","InputWidth":580,"InputHeight":29},"QuestionDescription":"Red:","Validation":{"Settings":{"ForceResponse":"ON","ForceResponseType":"ON","Type":"ContentType","MinChars":"1","ContentType":"ValidNumber","ValidDateType":"DateWithFormat","ValidPhoneType":"ValidUSPhone","ValidZipType":"ValidUSZip","ValidNumber":{"Min":"0","Max":"100","NumDecimals":""}}},"GradingData":[],"Language":[],"NextChoiceId":4,"NextAnswerId":1,"SearchSource":{"AllowFreeResponse":"false"},"QuestionID":"QID32","QuestionJS":"Qualtrics.SurveyEngine.addOnload(function() {\n    \/\/ This function runs when the page loads\n\tjQuery('input[type=\"text\"]').after(\"%\") \/\/this will place % after the text entry box\n});\n\nQualtrics.SurveyEngine.addOnReady(function() {\n    \/\/ This function runs when the page is fully displayed\n\n});\n\nQualtrics.SurveyEngine.addOnUnload(function() {\n    \/\/ This function runs when the page is unloaded\n});"}},{"SurveyID":"SV_egPpG0CfiIZAKPk","Element":"SQ","PrimaryAttribute":"QID17","SecondaryAttribute":"Thank you for completing this survey. This study assessed whether holding prior knowledge of an e...","TertiaryAttribute":null,"Payload":{"QuestionText":"<div>Thank you for completing this survey. This study assessed whether holding prior knowledge of an event outcome (i.e., where the sister, Denise, moved the violin) and the plausibility of the event in question (i.e., whether Denise moved the violin to a place where Vicki might reasonably search) impedes one's ability to reason from the perspective of an unknowing actor (i.e., Vicki's perspective). Different participants were assigned to different conditions.<\/div>\n\n<div>&nbsp;<\/div>\n\n<div><strong>Please do not share this information with other potential participants. Thank you again for your time!<\/strong><br>\n<br>\nClick the 'continue' arrow below to exit (you will be redirected to Prolific).<\/div>","DefaultChoices":false,"QuestionType":"DB","Selector":"TB","Configuration":{"QuestionDescriptionOption":"UseText"},"QuestionDescription":"Thank you for completing this survey. This study assessed whether holding prior knowledge of an e...","ChoiceOrder":[],"Validation":{"Settings":{"Type":"None"}},"GradingData":[],"Language":[],"NextChoiceId":4,"NextAnswerId":1,"QuestionText_Unsafe":"Thank you for completing this survey. This study assessed whether prior knowledge of an outcome (i.e., where the sister moved the violin) biases responses regarding its final placement (i.e., the purple container). Different participants were assigned to different conditions.","DataExportTag":"debriefing","QuestionID":"QID17","DataVisibility":{"Private":false,"Hidden":false}}},{"SurveyID":"SV_egPpG0CfiIZAKPk","Element":"SQ","PrimaryAttribute":"QID11","SecondaryAttribute":"Type your answers in percentages in the spaces provided for each container below. Note that the t...","TertiaryAttribute":null,"Payload":{"QuestionText":"Type your answers in percentages in the spaces provided for each container below. <span style=\"color:#c0392b;\"><em>Note that the total should equal (roughly) 100%<\/em><\/span>.","DefaultChoices":false,"DataExportTag":"response_instruction","QuestionType":"DB","Selector":"TB","Configuration":{"QuestionDescriptionOption":"UseText"},"QuestionDescription":"Type your answers in percentages in the spaces provided for each container below. Note that the t...","ChoiceOrder":[],"Validation":{"Settings":{"Type":"None"}},"GradingData":[],"Language":[],"NextChoiceId":4,"NextAnswerId":1,"QuestionID":"QID11","DataVisibility":{"Private":false,"Hidden":false}}},{"SurveyID":"SV_egPpG0CfiIZAKPk","Element":"SQ","PrimaryAttribute":"QID20","SecondaryAttribute":"Type your answers in percentages in the spaces provided for each container below. Note that the t...","TertiaryAttribute":null,"Payload":{"QuestionText":"Type your answers in percentages in the spaces provided for each container below. <span style=\"color:#c0392b;\"><em>Note that the total should equal (roughly) 100%<\/em><\/span>.","DefaultChoices":false,"QuestionType":"DB","Selector":"TB","Configuration":{"QuestionDescriptionOption":"UseText"},"QuestionDescription":"Type your answers in percentages in the spaces provided for each container below. Note that the t...","ChoiceOrder":[],"Validation":{"Settings":{"Type":"None"}},"GradingData":[],"Language":[],"NextChoiceId":4,"NextAnswerId":1,"DataVisibility":{"Private":false,"Hidden":false},"QuestionText_Unsafe":"Type your answers in percentages in the spaces provided for each container below (total should equal 100%).","DataExportTag":"reponse_instructions","QuestionID":"QID20"}},{"SurveyID":"SV_egPpG0CfiIZAKPk","Element":"SQ","PrimaryAttribute":"QID25","SecondaryAttribute":"Type your answers in percentages in the spaces provided for each container below. Note that the t...","TertiaryAttribute":null,"Payload":{"QuestionText":"Type your answers in percentages in the spaces provided for each container below. <span style=\"color:#c0392b;\"><em>Note that the total should equal (roughly) 100%<\/em><\/span>.","DefaultChoices":false,"QuestionType":"DB","Selector":"TB","Configuration":{"QuestionDescriptionOption":"UseText"},"QuestionDescription":"Type your answers in percentages in the spaces provided for each container below. Note that the t...","ChoiceOrder":[],"Validation":{"Settings":{"Type":"None"}},"GradingData":[],"Language":[],"NextChoiceId":4,"NextAnswerId":1,"DataVisibility":{"Private":false,"Hidden":false},"QuestionText_Unsafe":"Type your answers in percentages in the spaces provided for each container below (total should equal 100%).","DataExportTag":"response_instruction","QuestionID":"QID25"}},{"SurveyID":"SV_egPpG0CfiIZAKPk","Element":"SQ","PrimaryAttribute":"QID19","SecondaryAttribute":"Vicky ignorance reworked","TertiaryAttribute":null,"Payload":{"QuestionText":"Vicky ignorance reworked","DefaultChoices":false,"DataExportTag":"fig_ignorance","QuestionType":"DB","Selector":"GRB","Configuration":{"QuestionDescriptionOption":"UseText"},"QuestionDescription":"Vicky ignorance reworked","ChoiceOrder":[],"Validation":{"Settings":{"Type":"None"}},"GradingData":[],"Language":[],"NextChoiceId":4,"NextAnswerId":1,"QuestionID":"QID19","SubSelector":"WOTXB","Graphics":"IM_9owkua84f059pSm","GraphicsDescription":"Vicky ignorance reworked","DataVisibility":{"Private":false,"Hidden":false}}},{"SurveyID":"SV_egPpG0CfiIZAKPk","Element":"SQ","PrimaryAttribute":"QID18","SecondaryAttribute":"Vicky knowledge implausible reworked","TertiaryAttribute":null,"Payload":{"QuestionText":"Vicky knowledge implausible reworked","DefaultChoices":false,"QuestionType":"DB","Selector":"GRB","Configuration":{"QuestionDescriptionOption":"UseText"},"QuestionDescription":"Vicky knowledge implausible reworked","ChoiceOrder":[],"Validation":{"Settings":{"Type":"None"}},"GradingData":[],"Language":[],"NextChoiceId":4,"NextAnswerId":1,"SubSelector":"WOTXB","Graphics":"IM_b7oZyqwwUj9Qnmm","GraphicsDescription":"Vicky knowledge implausible reworked","DataVisibility":{"Private":false,"Hidden":false},"QuestionText_Unsafe":"Click to write the question text","DataExportTag":"fig_know_implausible","QuestionID":"QID18"}},{"SurveyID":"SV_egPpG0CfiIZAKPk","Element":"SQ","PrimaryAttribute":"QID9","SecondaryAttribute":"Vicky knowledgeplausible reworked","TertiaryAttribute":null,"Payload":{"QuestionText":"Vicky knowledgeplausible reworked","DefaultChoices":false,"DataExportTag":"fig_know_plausible","QuestionType":"DB","Selector":"GRB","Configuration":{"QuestionDescriptionOption":"UseText"},"QuestionDescription":"Vicky knowledgeplausible reworked","ChoiceOrder":[],"Validation":{"Settings":{"Type":"None"}},"GradingData":[],"Language":[],"NextChoiceId":4,"NextAnswerId":1,"QuestionID":"QID9","SubSelector":"WOTXB","Graphics":"IM_2ggQbPNiZb6vZS6","GraphicsDescription":"Vicky knowledgeplausible reworked","DataVisibility":{"Private":false,"Hidden":false}}},{"SurveyID":"SV_egPpG0CfiIZAKPk","Element":"SQ","PrimaryAttribute":"QID35","SecondaryAttribute":"We would be interested in any comments or feedback you have for this experiment! is there any way...","TertiaryAttribute":null,"Payload":{"QuestionText":"We would be interested in any comments or feedback you have for this experiment! is there any way we could improve the experience of being in the study? Please type  here:<br>","DefaultChoices":false,"DataExportTag":"pilot_feedback","QuestionType":"TE","Selector":"ESTB","Configuration":{"QuestionDescriptionOption":"UseText"},"QuestionDescription":"We would be interested in any comments or feedback you have for this experiment! is there any way...","Validation":{"Settings":{"ForceResponse":"OFF","Type":"None"}},"GradingData":[],"Language":[],"NextChoiceId":4,"NextAnswerId":1,"SearchSource":{"AllowFreeResponse":"false"},"QuestionID":"QID35","DataVisibility":{"Private":false,"Hidden":false}}},{"SurveyID":"SV_egPpG0CfiIZAKPk","Element":"SQ","PrimaryAttribute":"QID4","SecondaryAttribute":"What is your age?","TertiaryAttribute":null,"Payload":{"QuestionText":"What is your age?<br>","DefaultChoices":false,"DataExportTag":"age","QuestionType":"TE","Selector":"SL","Configuration":{"QuestionDescriptionOption":"UseText"},"QuestionDescription":"What is your age?","Validation":{"Settings":{"ForceResponse":"RequestResponse","ForceResponseType":"RequestResponse","Type":"ContentType","MinChars":"1","ContentType":"ValidNumber","ValidDateType":"DateWithFormat","ValidPhoneType":"ValidUSPhone","ValidZipType":"ValidUSZip","ValidNumber":{"Min":"18","Max":"100","NumDecimals":""}}},"GradingData":[],"Language":[],"NextChoiceId":4,"NextAnswerId":1,"SearchSource":{"AllowFreeResponse":"false"},"QuestionID":"QID4","DataVisibility":{"Private":false,"Hidden":false}}},{"SurveyID":"SV_egPpG0CfiIZAKPk","Element":"SQ","PrimaryAttribute":"QID6","SecondaryAttribute":"What is your gender?","TertiaryAttribute":null,"Payload":{"QuestionText":"What is your gender?<br>","DefaultChoices":false,"DataExportTag":"gender","QuestionType":"MC","Selector":"SAVR","SubSelector":"TX","Configuration":{"QuestionDescriptionOption":"UseText","Autoscale":{"YScale":{"Name":"maleFemale","Type":"likert","Reverse":false}}},"QuestionDescription":"What is your gender?","Choices":{"1":{"Display":"Male"},"2":{"Display":"Female"},"3":{"Display":"Non-binary \/ other"},"4":{"Display":"Prefer not to say"}},"ChoiceOrder":["1","2","3","4"],"Validation":{"Settings":{"ForceResponse":"RequestResponse","ForceResponseType":"RequestResponse","Type":"None"}},"GradingData":[],"Language":[],"NextChoiceId":5,"NextAnswerId":1,"QuestionID":"QID6","DataVisibility":{"Private":false,"Hidden":false}}},{"SurveyID":"SV_egPpG0CfiIZAKPk","Element":"SQ","PrimaryAttribute":"QID31","SecondaryAttribute":"What is your Prolific ID? Please note that this response should auto-fill with the correct ID.","TertiaryAttribute":null,"Payload":{"QuestionText":"What is your Prolific ID? <em>Please note that this response should auto-fill with the correct ID.<\/em>","DefaultChoices":{"TEXT":{"Text":"${e:\/\/Field\/PROLIFIC_PID}"}},"DataExportTag":"PID","QuestionType":"TE","Selector":"SL","Configuration":{"QuestionDescriptionOption":"UseText"},"QuestionDescription":"What is your Prolific ID? Please note that this response should auto-fill with the correct ID.","Validation":{"Settings":{"ForceResponse":"ON","ForceResponseType":"ON","Type":"None"}},"GradingData":[],"Language":[],"NextChoiceId":7,"NextAnswerId":1,"SearchSource":{"AllowFreeResponse":"false"},"QuestionID":"QID31","DataVisibility":{"Private":false,"Hidden":false},"Choices":{"1":{"Display":"Click to write Choice 1"},"2":{"Display":"Click to write Choice 2"},"3":{"Display":"Click to write Choice 3"}},"ChoiceOrder":[1,2,3]}}]}